
Microsoft Visual Studio Solution File, Format Version 12.00
# Visual Studio 15
VisualStudioVersion = 15.0.28307.168
MinimumVisualStudioVersion = 10.0.40219.1
Project("{FAE04EC0-301F-11D3-BF4B-00C04F79EFBC}") = "Homework", "Homework\Homework.csproj", "{E5846EF2-6A0B-46B0-8AC9-5310EDFD0070}"
EndProject
Project("{FAE04EC0-301F-11D3-BF4B-00C04F79EFBC}") = "Zadacha5", "Zadacha5\Zadacha5.csproj", "{4D167C5F-4C9B-4F49-8A89-8C2861C399A3}"
EndProject
Global
	GlobalSection(SolutionConfigurationPlatforms) = preSolution
		Debug|Any CPU = Debug|Any CPU
		Release|Any CPU = Release|Any CPU
	EndGlobalSection
	GlobalSection(ProjectConfigurationPlatforms) = postSolution
		{E5846EF2-6A0B-46B0-8AC9-5310EDFD0070}.Debug|Any CPU.ActiveCfg = Debug|Any CPU
		{E5846EF2-6A0B-46B0-8AC9-5310EDFD0070}.Debug|Any CPU.Build.0 = Debug|Any CPU
		{E5846EF2-6A0B-46B0-8AC9-5310EDFD0070}.Release|Any CPU.ActiveCfg = Release|Any CPU
		{E5846EF2-6A0B-46B0-8AC9-5310EDFD0070}.Release|Any CPU.Build.0 = Release|Any CPU
		{4D167C5F-4C9B-4F49-8A89-8C2861C399A3}.Debug|Any CPU.ActiveCfg = Debug|Any CPU
		{4D167C5F-4C9B-4F49-8A89-8C2861C399A3}.Debug|Any CPU.Build.0 = Debug|Any CPU
		{4D167C5F-4C9B-4F49-8A89-8C2861C399A3}.Release|Any CPU.ActiveCfg = Release|Any CPU
		{4D167C5F-4C9B-4F49-8A89-8C2861C399A3}.Release|Any CPU.Build.0 = Release|Any CPU
	EndGlobalSection
	GlobalSection(SolutionProperties) = preSolution
		HideSolutionNode = FALSE
	EndGlobalSection
	GlobalSection(ExtensibilityGlobals) = postSolution
		SolutionGuid = {0B814F5F-BD5B-4303-93EB-5C87CB2CF487}
	EndGlobalSection
EndGlobal
